
Microsoft Visual Studio Solution File, Format Version 12.00
# Visual Studio 2010
Project("{FAE04EC0-301F-11D3-BF4B-00C04F79EFBC}") = "ClaimsOneWindowsService", "ClaimsOneWindowsService\ClaimsOneWindowsService.csproj", "{72914DF1-ACA1-484E-A2D4-952D7D2D0D67}"
EndProject
Project("{54435603-DBB4-11D2-8724-00A0C9A8B90C}") = "ClaimsOneWindowsServiceSetup", "ClaimsOneWindowsServiceSetup\ClaimsOneWindowsServiceSetup.vdproj", "{055D466F-50BF-4C13-A09F-50F6C7348B0C}"
EndProject
Project("{FAE04EC0-301F-11D3-BF4B-00C04F79EFBC}") = "TestConsoleApplication", "..\ConsoleApplication2\ConsoleApplication2\TestConsoleApplication.csproj", "{8C642B8B-ECCC-40E9-940A-F0C107F7E646}"
EndProject
Global
	GlobalSection(TeamFoundationVersionControl) = preSolution
		SccNumberOfProjects = 4
		SccEnterpriseProvider = {4CA58AB2-18FA-4F8D-95D4-32DDF27D184C}
		SccTeamFoundationServer = http://tfssvnsvr:8080/tfs/infosense%20collection
		SccLocalPath0 = .
		SccProjectUniqueName1 = ClaimsOneWindowsService\\ClaimsOneWindowsService.csproj
		SccProjectName1 = ClaimsOneWindowsService
		SccLocalPath1 = ClaimsOneWindowsService
		SccProjectUniqueName2 = ClaimsOneWindowsServiceSetup\\ClaimsOneWindowsServiceSetup.vdproj
		SccProjectName2 = ClaimsOneWindowsServiceSetup
		SccLocalPath2 = ClaimsOneWindowsServiceSetup
		SccProjectUniqueName3 = ..\\ConsoleApplication2\\ConsoleApplication2\\TestConsoleApplication.csproj
		SccProjectName3 = ../ConsoleApplication2/ConsoleApplication2
		SccLocalPath3 = ..\\ConsoleApplication2\\ConsoleApplication2
	EndGlobalSection
	GlobalSection(SolutionConfigurationPlatforms) = preSolution
		Debug|Any CPU = Debug|Any CPU
		Release|Any CPU = Release|Any CPU
	EndGlobalSection
	GlobalSection(ProjectConfigurationPlatforms) = postSolution
		{72914DF1-ACA1-484E-A2D4-952D7D2D0D67}.Debug|Any CPU.ActiveCfg = Debug|Any CPU
		{72914DF1-ACA1-484E-A2D4-952D7D2D0D67}.Debug|Any CPU.Build.0 = Debug|Any CPU
		{72914DF1-ACA1-484E-A2D4-952D7D2D0D67}.Release|Any CPU.ActiveCfg = Release|Any CPU
		{72914DF1-ACA1-484E-A2D4-952D7D2D0D67}.Release|Any CPU.Build.0 = Release|Any CPU
		{055D466F-50BF-4C13-A09F-50F6C7348B0C}.Debug|Any CPU.ActiveCfg = Debug
		{055D466F-50BF-4C13-A09F-50F6C7348B0C}.Release|Any CPU.ActiveCfg = Release
		{8C642B8B-ECCC-40E9-940A-F0C107F7E646}.Debug|Any CPU.ActiveCfg = Debug|Any CPU
		{8C642B8B-ECCC-40E9-940A-F0C107F7E646}.Debug|Any CPU.Build.0 = Debug|Any CPU
		{8C642B8B-ECCC-40E9-940A-F0C107F7E646}.Release|Any CPU.ActiveCfg = Release|Any CPU
		{8C642B8B-ECCC-40E9-940A-F0C107F7E646}.Release|Any CPU.Build.0 = Release|Any CPU
	EndGlobalSection
	GlobalSection(SolutionProperties) = preSolution
		HideSolutionNode = FALSE
	EndGlobalSection
EndGlobal
